
Microsoft Visual Studio Solution File, Format Version 12.00
# Visual Studio 2013
VisualStudioVersion = 12.0.30723.0
MinimumVisualStudioVersion = 10.0.40219.1
Project("{FAE04EC0-301F-11D3-BF4B-00C04F79EFBC}") = "MyMVCBlog", "MyMVCBlog\MyMVCBlog.csproj", "{850590BA-8E6A-4948-9B19-3AEA536EB4EE}"
EndProject
Project("{FAE04EC0-301F-11D3-BF4B-00C04F79EFBC}") = "MyMVCBlog.Tests", "MyMVCBlog.Tests\MyMVCBlog.Tests.csproj", "{5308ABFC-6E8E-4BFD-846E-CEC01C5FEC78}"
EndProject
Global
	GlobalSection(SolutionConfigurationPlatforms) = preSolution
		Debug|Any CPU = Debug|Any CPU
		Release|Any CPU = Release|Any CPU
	EndGlobalSection
	GlobalSection(ProjectConfigurationPlatforms) = postSolution
		{850590BA-8E6A-4948-9B19-3AEA536EB4EE}.Debug|Any CPU.ActiveCfg = Debug|Any CPU
		{850590BA-8E6A-4948-9B19-3AEA536EB4EE}.Debug|Any CPU.Build.0 = Debug|Any CPU
		{850590BA-8E6A-4948-9B19-3AEA536EB4EE}.Release|Any CPU.ActiveCfg = Release|Any CPU
		{850590BA-8E6A-4948-9B19-3AEA536EB4EE}.Release|Any CPU.Build.0 = Release|Any CPU
		{5308ABFC-6E8E-4BFD-846E-CEC01C5FEC78}.Debug|Any CPU.ActiveCfg = Debug|Any CPU
		{5308ABFC-6E8E-4BFD-846E-CEC01C5FEC78}.Debug|Any CPU.Build.0 = Debug|Any CPU
		{5308ABFC-6E8E-4BFD-846E-CEC01C5FEC78}.Release|Any CPU.ActiveCfg = Release|Any CPU
		{5308ABFC-6E8E-4BFD-846E-CEC01C5FEC78}.Release|Any CPU.Build.0 = Release|Any CPU
	EndGlobalSection
	GlobalSection(SolutionProperties) = preSolution
		HideSolutionNode = FALSE
	EndGlobalSection
EndGlobal
